// !$*UTF8*$!
{
	archiveVersion = 1;
	classes = {
	};
	objectVersion = 46;
	objects = {

/* Begin PBXBuildFile section */
		2F8764881DB7EAAB00770F49 /* main.m in Sources */ = {isa = PBXBuildFile; fileRef = 2F8764871DB7EAAB00770F49 /* main.m */; };
		2F87648B1DB7EAAB00770F49 /* AppDelegate.m in Sources */ = {isa = PBXBuildFile; fileRef = 2F87648A1DB7EAAB00770F49 /* AppDelegate.m */; };
		2F87648E1DB7EAAB00770F49 /* ViewController.m in Sources */ = {isa = PBXBuildFile; fileRef = 2F87648D1DB7EAAB00770F49 /* ViewController.m */; };
		2F8764911DB7EAAB00770F49 /* Main.storyboard in Resources */ = {isa = PBXBuildFile; fileRef = 2F87648F1DB7EAAB00770F49 /* Main.storyboard */; };
		2F8764931DB7EAAB00770F49 /* Assets.xcassets in Resources */ = {isa = PBXBuildFile; fileRef = 2F8764921DB7EAAB00770F49 /* Assets.xcassets */; };
		2F8764961DB7EAAB00770F49 /* LaunchScreen.storyboard in Resources */ = {isa = PBXBuildFile; fileRef = 2F8764941DB7EAAB00770F49 /* LaunchScreen.storyboard */; };
		2F87649F1DB7EB7800770F49 /* PrintLabelViewController.m in Sources */ = {isa = PBXBuildFile; fileRef = 2F87649E1DB7EB7800770F49 /* PrintLabelViewController.m */; };
		2F8764A21DB7EBA100770F49 /* ScanLabelViewController.m in Sources */ = {isa = PBXBuildFile; fileRef = 2F8764A11DB7EBA100770F49 /* ScanLabelViewController.m */; };
/* End PBXBuildFile section */

/* Begin PBXFileReference section */
		2F8764831DB7EAAB00770F49 /* PrintLabelTest.app */ = {isa = PBXFileReference; explicitFileType = wrapper.application; includeInIndex = 0; path = PrintLabelTest.app; sourceTree = BUILT_PRODUCTS_DIR; };
		2F8764871DB7EAAB00770F49 /* main.m */ = {isa = PBXFileReference; lastKnownFileType = sourcecode.c.objc; path = main.m; sourceTree = "<group>"; };
		2F8764891DB7EAAB00770F49 /* AppDelegate.h */ = {isa = PBXFileReference; lastKnownFileType = sourcecode.c.h; path = AppDelegate.h; sourceTree = "<group>"; };
		2F87648A1DB7EAAB00770F49 /* AppDelegate.m */ = {isa = PBXFileReference; lastKnownFileType = sourcecode.c.objc; path = AppDelegate.m; sourceTree = "<group>"; };
		2F87648C1DB7EAAB00770F49 /* ViewController.h */ = {isa = PBXFileReference; lastKnownFileType = sourcecode.c.h; path = ViewController.h; sourceTree = "<group>"; };
		2F87648D1DB7EAAB00770F49 /* ViewController.m */ = {isa = PBXFileReference; lastKnownFileType = sourcecode.c.objc; path = ViewController.m; sourceTree = "<group>"; };
		2F8764901DB7EAAB00770F49 /* Base */ = {isa = PBXFileReference; lastKnownFileType = file.storyboard; name = Base; path = Base.lproj/Main.storyboard; sourceTree = "<group>"; };
		2F8764921DB7EAAB00770F49 /* Assets.xcassets */ = {isa = PBXFileReference; lastKnownFileType = folder.assetcatalog; path = Assets.xcassets; sourceTree = "<group>"; };
		2F8764951DB7EAAB00770F49 /* Base */ = {isa = PBXFileReference; lastKnownFileType = file.storyboard; name = Base; path = Base.lproj/LaunchScreen.storyboard; sourceTree = "<group>"; };
		2F8764971DB7EAAB00770F49 /* Info.plist */ = {isa = PBXFileReference; lastKnownFileType = text.plist.xml; path = Info.plist; sourceTree = "<group>"; };
		2F87649D1DB7EB7800770F49 /* PrintLabelViewController.h */ = {isa = PBXFileReference; fileEncoding = 4; lastKnownFileType = sourcecode.c.h; path = PrintLabelViewController.h; sourceTree = "<group>"; };
		2F87649E1DB7EB7800770F49 /* PrintLabelViewController.m */ = {isa = PBXFileReference; fileEncoding = 4; lastKnownFileType = sourcecode.c.objc; path = PrintLabelViewController.m; sourceTree = "<group>"; };
		2F8764A01DB7EBA100770F49 /* ScanLabelViewController.h */ = {isa = PBXFileReference; fileEncoding = 4; lastKnownFileType = sourcecode.c.h; path = ScanLabelViewController.h; sourceTree = "<group>"; };
		2F8764A11DB7EBA100770F49 /* ScanLabelViewController.m */ = {isa = PBXFileReference; fileEncoding = 4; lastKnownFileType = sourcecode.c.objc; path = ScanLabelViewController.m; sourceTree = "<group>"; };
/* End PBXFileReference section */

/* Begin PBXFrameworksBuildPhase section */
		2F8764801DB7EAAB00770F49 /* Frameworks */ = {
			isa = PBXFrameworksBuildPhase;
			buildActionMask = 2147483647;
			files = (
			);
			runOnlyForDeploymentPostprocessing = 0;
		};
/* End PBXFrameworksBuildPhase section */

/* Begin PBXGroup section */
		2F87647A1DB7EAAB00770F49 = {
			isa = PBXGroup;
			children = (
				2F8764851DB7EAAB00770F49 /* PrintLabelTest */,
				2F8764841DB7EAAB00770F49 /* Products */,
			);
			sourceTree = "<group>";
		};
		2F8764841DB7EAAB00770F49 /* Products */ = {
			isa = PBXGroup;
			children = (
				2F8764831DB7EAAB00770F49 /* PrintLabelTest.app */,
			);
			name = Products;
			sourceTree = "<group>";
		};
		2F8764851DB7EAAB00770F49 /* PrintLabelTest */ = {
			isa = PBXGroup;
			children = (
				2F8764891DB7EAAB00770F49 /* AppDelegate.h */,
				2F87648A1DB7EAAB00770F49 /* AppDelegate.m */,
				2F87648C1DB7EAAB00770F49 /* ViewController.h */,
				2F87648D1DB7EAAB00770F49 /* ViewController.m */,
				2F87648F1DB7EAAB00770F49 /* Main.storyboard */,
				2F8764921DB7EAAB00770F49 /* Assets.xcassets */,
				2F8764941DB7EAAB00770F49 /* LaunchScreen.storyboard */,
				2F8764971DB7EAAB00770F49 /* Info.plist */,
				2F8764861DB7EAAB00770F49 /* Supporting Files */,
				2F87649D1DB7EB7800770F49 /* PrintLabelViewController.h */,
				2F87649E1DB7EB7800770F49 /* PrintLabelViewController.m */,
				2F8764A01DB7EBA100770F49 /* ScanLabelViewController.h */,
				2F8764A11DB7EBA100770F49 /* ScanLabelViewController.m */,
			);
			path = PrintLabelTest;
			sourceTree = "<group>";
		};
		2F8764861DB7EAAB00770F49 /* Supporting Files */ = {
			isa = PBXGroup;
			children = (
				2F8764871DB7EAAB00770F49 /* main.m */,
			);
			name = "Supporting Files";
			sourceTree = "<group>";
		};
/* End PBXGroup section */

/* Begin PBXNativeTarget section */
		2F8764821DB7EAAB00770F49 /* PrintLabelTest */ = {
			isa = PBXNativeTarget;
			buildConfigurationList = 2F87649A1DB7EAAB00770F49 /* Build configuration list for PBXNativeTarget "PrintLabelTest" */;
			buildPhases = (
				2F87647F1DB7EAAB00770F49 /* Sources */,
				2F8764801DB7EAAB00770F49 /* Frameworks */,
				2F8764811DB7EAAB00770F49 /* Resources */,
			);
			buildRules = (
			);
			dependencies = (
			);
			name = PrintLabelTest;
			productName = PrintLabelTest;
			productReference = 2F8764831DB7EAAB00770F49 /* PrintLabelTest.app */;
			productType = "com.apple.product-type.application";
		};
/* End PBXNativeTarget section */

/* Begin PBXProject section */
		2F87647B1DB7EAAB00770F49 /* Project object */ = {
			isa = PBXProject;
			attributes = {
				LastUpgradeCheck = 0730;
				ORGANIZATIONNAME = "Mithlesh Jha";
				TargetAttributes = {
					2F8764821DB7EAAB00770F49 = {
						CreatedOnToolsVersion = 7.3.1;
					};
				};
			};
			buildConfigurationList = 2F87647E1DB7EAAB00770F49 /* Build configuration list for PBXProject "PrintLabelTest" */;
			compatibilityVersion = "Xcode 3.2";
			developmentRegion = English;
			hasScannedForEncodings = 0;
			knownRegions = (
				en,
				Base,
			);
			mainGroup = 2F87647A1DB7EAAB00770F49;
			productRefGroup = 2F8764841DB7EAAB00770F49 /* Products */;
			projectDirPath = "";
			projectRoot = "";
			targets = (
				2F8764821DB7EAAB00770F49 /* PrintLabelTest */,
			);
		};
/* End PBXProject section */

/* Begin PBXResourcesBuildPhase section */
		2F8764811DB7EAAB00770F49 /* Resources */ = {
			isa = PBXResourcesBuildPhase;
			buildActionMask = 2147483647;
			files = (
				2F8764961DB7EAAB00770F49 /* LaunchScreen.storyboard in Resources */,
				2F8764931DB7EAAB00770F49 /* Assets.xcassets in Resources */,
				2F8764911DB7EAAB00770F49 /* Main.storyboard in Resources */,
			);
			runOnlyForDeploymentPostprocessing = 0;
		};
/* End PBXResourcesBuildPhase section */

/* Begin PBXSourcesBuildPhase section */
		2F87647F1DB7EAAB00770F49 /* Sources */ = {
			isa = PBXSourcesBuildPhase;
			buildActionMask = 2147483647;
			files = (
				2F8764A21DB7EBA100770F49 /* ScanLabelViewController.m in Sources */,
				2F87648E1DB7EAAB00770F49 /* ViewController.m in Sources */,
				2F87649F1DB7EB7800770F49 /* PrintLabelViewController.m in Sources */,
				2F87648B1DB7EAAB00770F49 /* AppDelegate.m in Sources */,
				2F8764881DB7EAAB00770F49 /* main.m in Sources */,
			);
			runOnlyForDeploymentPostprocessing = 0;
		};
/* End PBXSourcesBuildPhase section */

/* Begin PBXVariantGroup section */
		2F87648F1DB7EAAB00770F49 /* Main.storyboard */ = {
			isa = PBXVariantGroup;
			children = (
				2F8764901DB7EAAB00770F49 /* Base */,
			);
			name = Main.storyboard;
			sourceTree = "<group>";
		};
		2F8764941DB7EAAB00770F49 /* LaunchScreen.storyboard */ = {
			isa = PBXVariantGroup;
			children = (
				2F8764951DB7EAAB00770F49 /* Base */,
			);
			name = LaunchScreen.storyboard;
			sourceTree = "<group>";
		};
/* End PBXVariantGroup section */

/* Begin XCBuildConfiguration section */
		2F8764981DB7EAAB00770F49 /* Debug */ = {
			isa = XCBuildConfiguration;
			buildSettings = {
				ALWAYS_SEARCH_USER_PATHS = NO;
				CLANG_ANALYZER_NONNULL = YES;
				CLANG_CXX_LANGUAGE_STANDARD = "gnu++0x";
				CLANG_CXX_LIBRARY = "libc++";
				CLANG_ENABLE_MODULES = YES;
				CLANG_ENABLE_OBJC_ARC = YES;
				CLANG_WARN_BOOL_CONVERSION = YES;
				CLANG_WARN_CONSTANT_CONVERSION = YES;
				CLANG_WARN_DIRECT_OBJC_ISA_USAGE = YES_ERROR;
				CLANG_WARN_EMPTY_BODY = YES;
				CLANG_WARN_ENUM_CONVERSION = YES;
				CLANG_WARN_INT_CONVERSION = YES;
				CLANG_WARN_OBJC_ROOT_CLASS = YES_ERROR;
				CLANG_WARN_UNREACHABLE_CODE = YES;
				CLANG_WARN__DUPLICATE_METHOD_MATCH = YES;
				"CODE_SIGN_IDENTITY[sdk=iphoneos*]" = "iPhone Developer";
				COPY_PHASE_STRIP = NO;
				DEBUG_INFORMATION_FORMAT = dwarf;
				ENABLE_STRICT_OBJC_MSGSEND = YES;
				ENABLE_TESTABILITY = YES;
				GCC_C_LANGUAGE_STANDARD = gnu99;
				GCC_DYNAMIC_NO_PIC = NO;
				GCC_NO_COMMON_BLOCKS = YES;
				GCC_OPTIMIZATION_LEVEL = 0;
				GCC_PREPROCESSOR_DEFINITIONS = (
					"DEBUG=1",
					"$(inherited)",
				);
				GCC_WARN_64_TO_32_BIT_CONVERSION = YES;
				GCC_WARN_ABOUT_RETURN_TYPE = YES_ERROR;
				GCC_WARN_UNDECLARED_SELECTOR = YES;
				GCC_WARN_UNINITIALIZED_AUTOS = YES_AGGRESSIVE;
				GCC_WARN_UNUSED_FUNCTION = YES;
				GCC_WARN_UNUSED_VARIABLE = YES;
				IPHONEOS_DEPLOYMENT_TARGET = 9.3;
				MTL_ENABLE_DEBUG_INFO = YES;
				ONLY_ACTIVE_ARCH = YES;
				SDKROOT = iphoneos;
				TARGETED_DEVICE_FAMILY = 2;
			};
			name = Debug;
		};
		2F8764991DB7EAAB00770F49 /* Release */ = {
			isa = XCBuildConfiguration;
			buildSettings = {
				ALWAYS_SEARCH_USER_PATHS = NO;
				CLANG_ANALYZER_NONNULL = YES;
				CLANG_CXX_LANGUAGE_STANDARD = "gnu++0x";
				CLANG_CXX_LIBRARY = "libc++";
				CLANG_ENABLE_MODULES = YES;
				CLANG_ENABLE_OBJC_ARC = YES;
				CLANG_WARN_BOOL_CONVERSION = YES;
				CLANG_WARN_CONSTANT_CONVERSION = YES;
				CLANG_WARN_DIRECT_OBJC_ISA_USAGE = YES_ERROR;
				CLANG_WARN_EMPTY_BODY = YES;
				CLANG_WARN_ENUM_CONVERSION = YES;
				CLANG_WARN_INT_CONVERSION = YES;
				CLANG_WARN_OBJC_ROOT_CLASS = YES_ERROR;
				CLANG_WARN_UNREACHABLE_CODE = YES;
				CLANG_WARN__DUPLICATE_METHOD_MATCH = YES;
				"CODE_SIGN_IDENTITY[sdk=iphoneos*]" = "iPhone Developer";
				COPY_PHASE_STRIP = NO;
				DEBUG_INFORMATION_FORMAT = "dwarf-with-dsym";
				ENABLE_NS_ASSERTIONS = NO;
				ENABLE_STRICT_OBJC_MSGSEND = YES;
				GCC_C_LANGUAGE_STANDARD = gnu99;
				GCC_NO_COMMON_BLOCKS = YES;
				GCC_WARN_64_TO_32_BIT_CONVERSION = YES;
				GCC_WARN_ABOUT_RETURN_TYPE = YES_ERROR;
				GCC_WARN_UNDECLARED_SELECTOR = YES;
				GCC_WARN_UNINITIALIZED_AUTOS = YES_AGGRESSIVE;
				GCC_WARN_UNUSED_FUNCTION = YES;
				GCC_WARN_UNUSED_VARIABLE = YES;
				IPHONEOS_DEPLOYMENT_TARGET = 9.3;
				MTL_ENABLE_DEBUG_INFO = NO;
				SDKROOT = iphoneos;
				TARGETED_DEVICE_FAMILY = 2;
				VALIDATE_PRODUCT = YES;
			};
			name = Release;
		};
		2F87649B1DB7EAAB00770F49 /* Debug */ = {
			isa = XCBuildConfiguration;
			buildSettings = {
				ASSETCATALOG_COMPILER_APPICON_NAME = AppIcon;
				INFOPLIST_FILE = PrintLabelTest/Info.plist;
				LD_RUNPATH_SEARCH_PATHS = "$(inherited) @executable_path/Frameworks";
				PRODUCT_BUNDLE_IDENTIFIER = com.procosolutions.PrintLabelTest;
				PRODUCT_NAME = "$(TARGET_NAME)";
			};
			name = Debug;
		};
		2F87649C1DB7EAAB00770F49 /* Release */ = {
			isa = XCBuildConfiguration;
			buildSettings = {
				ASSETCATALOG_COMPILER_APPICON_NAME = AppIcon;
				INFOPLIST_FILE = PrintLabelTest/Info.plist;
				LD_RUNPATH_SEARCH_PATHS = "$(inherited) @executable_path/Frameworks";
				PRODUCT_BUNDLE_IDENTIFIER = com.procosolutions.PrintLabelTest;
				PRODUCT_NAME = "$(TARGET_NAME)";
			};
			name = Release;
		};
/* End XCBuildConfiguration section */

/* Begin XCConfigurationList section */
		2F87647E1DB7EAAB00770F49 /* Build configuration list for PBXProject "PrintLabelTest" */ = {
			isa = XCConfigurationList;
			buildConfigurations = (
				2F8764981DB7EAAB00770F49 /* Debug */,
				2F8764991DB7EAAB00770F49 /* Release */,
			);
			defaultConfigurationIsVisible = 0;
			defaultConfigurationName = Release;
		};
		2F87649A1DB7EAAB00770F49 /* Build configuration list for PBXNativeTarget "PrintLabelTest" */ = {
			isa = XCConfigurationList;
			buildConfigurations = (
				2F87649B1DB7EAAB00770F49 /* Debug */,
				2F87649C1DB7EAAB00770F49 /* Release */,
			);
			defaultConfigurationIsVisible = 0;
			defaultConfigurationName = Release;
		};
/* End XCConfigurationList section */
	};
	rootObject = 2F87647B1DB7EAAB00770F49 /* Project object */;
}
